{
  "pins" : [
    {
      "identity" : "analytics-ios",
      "kind" : "remoteSourceControl",
      "location" : "git@github.com:segmentio/analytics-ios.git",
      "state" : {
        "revision" : "78423aaae2e48e32a07246850f37c76f3d34cb84",
        "version" : "4.1.8"
      }
    },
    {
      "identity" : "nudgebase",
      "kind" : "remoteSourceControl",
      "location" : "git@github.com:getlarky/nudgeBase.git",
      "state" : {
        "revision" : "5ec9dfa1d22492086e1330e051f5dcbffd0e6af5",
        "version" : "1.2.0"
      }
    },
    {
      "identity" : "nudgegeo",
      "kind" : "remoteSourceControl",
      "location" : "https://github.com/getlarky/nudgeGeo",
      "state" : {
        "revision" : "7015e06ea3df7b41bd6be19cdde6b0a1d1c2c3c1",
        "version" : "1.1.0"
      }
    }
  ],
  "version" : 2
}
